{"1.1.0",
[{<<"poolboy">>,{pkg,<<"poolboy">>,<<"1.5.2">>},1},
 {<<"ranch">>,{pkg,<<"ranch">>,<<"1.7.1">>},0},
 {<<"riak_core">>,{pkg,<<"riak_core_lite">>,<<"0.10.0">>},0},
 {<<"riak_core_lite_util">>,{pkg,<<"riak_core_lite_util">>,<<"0.1.0">>},0}]}.
[
{pkg_hash,[
 {<<"poolboy">>, <<"392B007A1693A64540CEAD79830443ABF5762F5D30CF50BC95CB2C1AAAFA006B">>},
 {<<"ranch">>, <<"6B1FAB51B49196860B733A49C07604465A47BDB78AA10C1C16A3D199F7F8C881">>},
 {<<"riak_core">>, <<"52864992CBD2331F7C5E7753374D8F1655A2046B64A6DF3E5184B6D42E936963">>},
 {<<"riak_core_lite_util">>, <<"B0FF95B2782B5C1E546E39A0910A5A9F0BBF8AB8B6F0A4256986707B552F7FA9">>}]}
].
