{"1.2.0",
[{<<"poolboy">>,{pkg,<<"poolboy">>,<<"1.5.2">>},1},
 {<<"pvc_proto">>,
  {git,"https://github.com/ergl/pvc_proto.git",
       {ref,"9869e97c2993d1c922352dc4a59e47ad56e32d03"}},
  0},
 {<<"pvc_types">>,
  {git,"https://github.com/ergl/pvc_types.git",
       {ref,"4c7e5b7512d44c6d99651707417203931b54cdab"}},
  0},
 {<<"ranch">>,{pkg,<<"ranch">>,<<"1.7.1">>},0},
 {<<"recon">>,{pkg,<<"recon">>,<<"2.5.1">>},0},
 {<<"riak_core">>,
  {git,"https://github.com/riak-core-lite/riak_core_lite",
       {ref,"d3bd607a8cf309a67b7fe3f1165c92a1e47646aa"}},
  0},
 {<<"riak_core_lite_util">>,
  {git,"https://github.com/riak-core-lite/riak_core_lite_util.git",
       {ref,"c294504eeb5f4320cf4e3b73a37157056d0b0f07"}},
  0}]}.
[
{pkg_hash,[
 {<<"poolboy">>, <<"392B007A1693A64540CEAD79830443ABF5762F5D30CF50BC95CB2C1AAAFA006B">>},
 {<<"ranch">>, <<"6B1FAB51B49196860B733A49C07604465A47BDB78AA10C1C16A3D199F7F8C881">>},
 {<<"recon">>, <<"430FFA60685AC1EFDFB1FE4C97B8767C92D0D92E6E7C3E8621559BA77598678A">>}]},
{pkg_hash_ext,[
 {<<"poolboy">>, <<"DAD79704CE5440F3D5A3681C8590B9DC25D1A561E8F5A9C995281012860901E3">>},
 {<<"ranch">>, <<"451D8527787DF716D99DC36162FCA05934915DB0B6141BBDAC2EA8D3C7AFC7D7">>},
 {<<"recon">>, <<"5721C6B6D50122D8F68CCCAC712CAA1231F97894BAB779EFF5FF0F886CB44648">>}]}
].
